
Microsoft Visual Studio Solution File, Format Version 12.00
# Visual Studio Version 17
VisualStudioVersion = 17.9.34607.119
MinimumVisualStudioVersion = 10.0.40219.1
Project("{FAE04EC0-301F-11D3-BF4B-00C04F79EFBC}") = "LearnToCode", "LearnToCode\LearnToCode.csproj", "{EFA608D9-6408-4FF0-912C-DE77DD384F18}"
EndProject
Project("{FAE04EC0-301F-11D3-BF4B-00C04F79EFBC}") = "API", "API\API.csproj", "{122B9E12-523F-4E17-B8A0-F8CBD223DABB}"
EndProject
Global
	GlobalSection(SolutionConfigurationPlatforms) = preSolution
		Debug|Any CPU = Debug|Any CPU
		Release|Any CPU = Release|Any CPU
	EndGlobalSection
	GlobalSection(ProjectConfigurationPlatforms) = postSolution
		{EFA608D9-6408-4FF0-912C-DE77DD384F18}.Debug|Any CPU.ActiveCfg = Debug|Any CPU
		{EFA608D9-6408-4FF0-912C-DE77DD384F18}.Debug|Any CPU.Build.0 = Debug|Any CPU
		{EFA608D9-6408-4FF0-912C-DE77DD384F18}.Release|Any CPU.ActiveCfg = Release|Any CPU
		{EFA608D9-6408-4FF0-912C-DE77DD384F18}.Release|Any CPU.Build.0 = Release|Any CPU
		{122B9E12-523F-4E17-B8A0-F8CBD223DABB}.Debug|Any CPU.ActiveCfg = Debug|Any CPU
		{122B9E12-523F-4E17-B8A0-F8CBD223DABB}.Debug|Any CPU.Build.0 = Debug|Any CPU
		{122B9E12-523F-4E17-B8A0-F8CBD223DABB}.Release|Any CPU.ActiveCfg = Release|Any CPU
		{122B9E12-523F-4E17-B8A0-F8CBD223DABB}.Release|Any CPU.Build.0 = Release|Any CPU
	EndGlobalSection
	GlobalSection(SolutionProperties) = preSolution
		HideSolutionNode = FALSE
	EndGlobalSection
	GlobalSection(ExtensibilityGlobals) = postSolution
		SolutionGuid = {25B9B2C1-15EB-4BE9-BA29-383D1BD44018}
	EndGlobalSection
EndGlobal
